
Microsoft Visual Studio Solution File, Format Version 12.00
# Visual Studio Version 16
VisualStudioVersion = 16.0.31205.134
MinimumVisualStudioVersion = 10.0.40219.1
Project("{9A19103F-16F7-4668-BE54-9A1E7A4F7556}") = "testDotnetCoreAngualr", "testDotnetCoreAngualr.csproj", "{34683C78-E853-4D41-9417-E57128C042DF}"
EndProject
Project("{FAE04EC0-301F-11D3-BF4B-00C04F79EFBC}") = "FormulaParserTests", "..\FormulaParserTests\FormulaParserTests.csproj", "{092F81E5-6E2E-4962-9BFC-A94ECB6A5794}"
EndProject
Global
	GlobalSection(SolutionConfigurationPlatforms) = preSolution
		Debug|Any CPU = Debug|Any CPU
		Release|Any CPU = Release|Any CPU
	EndGlobalSection
	GlobalSection(ProjectConfigurationPlatforms) = postSolution
		{34683C78-E853-4D41-9417-E57128C042DF}.Debug|Any CPU.ActiveCfg = Debug|Any CPU
		{34683C78-E853-4D41-9417-E57128C042DF}.Debug|Any CPU.Build.0 = Debug|Any CPU
		{34683C78-E853-4D41-9417-E57128C042DF}.Release|Any CPU.ActiveCfg = Release|Any CPU
		{34683C78-E853-4D41-9417-E57128C042DF}.Release|Any CPU.Build.0 = Release|Any CPU
		{092F81E5-6E2E-4962-9BFC-A94ECB6A5794}.Debug|Any CPU.ActiveCfg = Debug|Any CPU
		{092F81E5-6E2E-4962-9BFC-A94ECB6A5794}.Debug|Any CPU.Build.0 = Debug|Any CPU
		{092F81E5-6E2E-4962-9BFC-A94ECB6A5794}.Release|Any CPU.ActiveCfg = Release|Any CPU
		{092F81E5-6E2E-4962-9BFC-A94ECB6A5794}.Release|Any CPU.Build.0 = Release|Any CPU
	EndGlobalSection
	GlobalSection(SolutionProperties) = preSolution
		HideSolutionNode = FALSE
	EndGlobalSection
	GlobalSection(ExtensibilityGlobals) = postSolution
		SolutionGuid = {B304B026-F283-465D-BC34-A484CC0FDA96}
	EndGlobalSection
EndGlobal
